{
    "_meta": {
        "hash": {
            "sha256": "c1565f2743bce5f8864d76c2c3e527f6c393497b4aee8d1860edb837bf3b87c8"
        },
        "pipfile-spec": 6,
        "requires": {
            "python_version": "3.6.2"
        },
        "sources": [
            {
                "name": "pypi",
                "url": "https://pypi.python.org/simple",
                "verify_ssl": true
            }
        ]
    },
    "default": {},
    "develop": {}
}
